
Microsoft Visual Studio Solution File, Format Version 12.00
Project("{FAE04EC0-301F-11D3-BF4B-00C04F79EFBC}") = "Sınıf_kavramı", "Sınıf_kavramı\Sınıf_kavramı.csproj", "{5F56F8E4-4AD5-4ADE-956F-3B6BF99AA03A}"
EndProject
Global
	GlobalSection(SolutionConfigurationPlatforms) = preSolution
		Debug|Any CPU = Debug|Any CPU
		Release|Any CPU = Release|Any CPU
	EndGlobalSection
	GlobalSection(ProjectConfigurationPlatforms) = postSolution
		{5F56F8E4-4AD5-4ADE-956F-3B6BF99AA03A}.Debug|Any CPU.ActiveCfg = Debug|Any CPU
		{5F56F8E4-4AD5-4ADE-956F-3B6BF99AA03A}.Debug|Any CPU.Build.0 = Debug|Any CPU
		{5F56F8E4-4AD5-4ADE-956F-3B6BF99AA03A}.Release|Any CPU.ActiveCfg = Release|Any CPU
		{5F56F8E4-4AD5-4ADE-956F-3B6BF99AA03A}.Release|Any CPU.Build.0 = Release|Any CPU
	EndGlobalSection
EndGlobal
